// !$*UTF8*$!
{
	archiveVersion = 1;
	classes = {
	};
	objectVersion = 46;
	objects = {

/* Begin PBXBuildFile section */
		9B7098151A1C0EC0008EECB8 /* AppDelegate.swift in Sources */ = {isa = PBXBuildFile; fileRef = 9B7098141A1C0EC0008EECB8 /* AppDelegate.swift */; };
		9B7098171A1C0EC0008EECB8 /* ViewController.swift in Sources */ = {isa = PBXBuildFile; fileRef = 9B7098161A1C0EC0008EECB8 /* ViewController.swift */; };
		9B70981A1A1C0EC0008EECB8 /* Main.storyboard in Resources */ = {isa = PBXBuildFile; fileRef = 9B7098181A1C0EC0008EECB8 /* Main.storyboard */; };
		9B70981C1A1C0EC0008EECB8 /* Images.xcassets in Resources */ = {isa = PBXBuildFile; fileRef = 9B70981B1A1C0EC0008EECB8 /* Images.xcassets */; };
		9B70981F1A1C0EC0008EECB8 /* LaunchScreen.xib in Resources */ = {isa = PBXBuildFile; fileRef = 9B70981D1A1C0EC0008EECB8 /* LaunchScreen.xib */; };
		9B70982B1A1C0EC0008EECB8 /* StormyTests.swift in Sources */ = {isa = PBXBuildFile; fileRef = 9B70982A1A1C0EC0008EECB8 /* StormyTests.swift */; };
/* End PBXBuildFile section */

/* Begin PBXContainerItemProxy section */
		9B7098251A1C0EC0008EECB8 /* PBXContainerItemProxy */ = {
			isa = PBXContainerItemProxy;
			containerPortal = 9B7098071A1C0EC0008EECB8 /* Project object */;
			proxyType = 1;
			remoteGlobalIDString = 9B70980E1A1C0EC0008EECB8;
			remoteInfo = Stormy;
		};
/* End PBXContainerItemProxy section */

/* Begin PBXFileReference section */
		9B70980F1A1C0EC0008EECB8 /* Stormy.app */ = {isa = PBXFileReference; explicitFileType = wrapper.application; includeInIndex = 0; path = Stormy.app; sourceTree = BUILT_PRODUCTS_DIR; };
		9B7098131A1C0EC0008EECB8 /* Info.plist */ = {isa = PBXFileReference; lastKnownFileType = text.plist.xml; path = Info.plist; sourceTree = "<group>"; };
		9B7098141A1C0EC0008EECB8 /* AppDelegate.swift */ = {isa = PBXFileReference; lastKnownFileType = sourcecode.swift; path = AppDelegate.swift; sourceTree = "<group>"; };
		9B7098161A1C0EC0008EECB8 /* ViewController.swift */ = {isa = PBXFileReference; lastKnownFileType = sourcecode.swift; path = ViewController.swift; sourceTree = "<group>"; };
		9B7098191A1C0EC0008EECB8 /* Base */ = {isa = PBXFileReference; lastKnownFileType = file.storyboard; name = Base; path = Base.lproj/Main.storyboard; sourceTree = "<group>"; };
		9B70981B1A1C0EC0008EECB8 /* Images.xcassets */ = {isa = PBXFileReference; lastKnownFileType = folder.assetcatalog; path = Images.xcassets; sourceTree = "<group>"; };
		9B70981E1A1C0EC0008EECB8 /* Base */ = {isa = PBXFileReference; lastKnownFileType = file.xib; name = Base; path = Base.lproj/LaunchScreen.xib; sourceTree = "<group>"; };
		9B7098241A1C0EC0008EECB8 /* StormyTests.xctest */ = {isa = PBXFileReference; explicitFileType = wrapper.cfbundle; includeInIndex = 0; path = StormyTests.xctest; sourceTree = BUILT_PRODUCTS_DIR; };
		9B7098291A1C0EC0008EECB8 /* Info.plist */ = {isa = PBXFileReference; lastKnownFileType = text.plist.xml; path = Info.plist; sourceTree = "<group>"; };
		9B70982A1A1C0EC0008EECB8 /* StormyTests.swift */ = {isa = PBXFileReference; lastKnownFileType = sourcecode.swift; path = StormyTests.swift; sourceTree = "<group>"; };
/* End PBXFileReference section */

/* Begin PBXFrameworksBuildPhase section */
		9B70980C1A1C0EC0008EECB8 /* Frameworks */ = {
			isa = PBXFrameworksBuildPhase;
			buildActionMask = 2147483647;
			files = (
			);
			runOnlyForDeploymentPostprocessing = 0;
		};
		9B7098211A1C0EC0008EECB8 /* Frameworks */ = {
			isa = PBXFrameworksBuildPhase;
			buildActionMask = 2147483647;
			files = (
			);
			runOnlyForDeploymentPostprocessing = 0;
		};
/* End PBXFrameworksBuildPhase section */

/* Begin PBXGroup section */
		9B7098061A1C0EC0008EECB8 = {
			isa = PBXGroup;
			children = (
				9B7098111A1C0EC0008EECB8 /* Stormy */,
				9B7098271A1C0EC0008EECB8 /* StormyTests */,
				9B7098101A1C0EC0008EECB8 /* Products */,
			);
			sourceTree = "<group>";
		};
		9B7098101A1C0EC0008EECB8 /* Products */ = {
			isa = PBXGroup;
			children = (
				9B70980F1A1C0EC0008EECB8 /* Stormy.app */,
				9B7098241A1C0EC0008EECB8 /* StormyTests.xctest */,
			);
			name = Products;
			sourceTree = "<group>";
		};
		9B7098111A1C0EC0008EECB8 /* Stormy */ = {
			isa = PBXGroup;
			children = (
				9B7098141A1C0EC0008EECB8 /* AppDelegate.swift */,
				9B7098161A1C0EC0008EECB8 /* ViewController.swift */,
				9B7098181A1C0EC0008EECB8 /* Main.storyboard */,
				9B70981B1A1C0EC0008EECB8 /* Images.xcassets */,
				9B70981D1A1C0EC0008EECB8 /* LaunchScreen.xib */,
				9B7098121A1C0EC0008EECB8 /* Supporting Files */,
			);
			path = Stormy;
			sourceTree = "<group>";
		};
		9B7098121A1C0EC0008EECB8 /* Supporting Files */ = {
			isa = PBXGroup;
			children = (
				9B7098131A1C0EC0008EECB8 /* Info.plist */,
			);
			name = "Supporting Files";
			sourceTree = "<group>";
		};
		9B7098271A1C0EC0008EECB8 /* StormyTests */ = {
			isa = PBXGroup;
			children = (
				9B70982A1A1C0EC0008EECB8 /* StormyTests.swift */,
				9B7098281A1C0EC0008EECB8 /* Supporting Files */,
			);
			path = StormyTests;
			sourceTree = "<group>";
		};
		9B7098281A1C0EC0008EECB8 /* Supporting Files */ = {
			isa = PBXGroup;
			children = (
				9B7098291A1C0EC0008EECB8 /* Info.plist */,
			);
			name = "Supporting Files";
			sourceTree = "<group>";
		};
/* End PBXGroup section */

/* Begin PBXNativeTarget section */
		9B70980E1A1C0EC0008EECB8 /* Stormy */ = {
			isa = PBXNativeTarget;
			buildConfigurationList = 9B70982E1A1C0EC0008EECB8 /* Build configuration list for PBXNativeTarget "Stormy" */;
			buildPhases = (
				9B70980B1A1C0EC0008EECB8 /* Sources */,
				9B70980C1A1C0EC0008EECB8 /* Frameworks */,
				9B70980D1A1C0EC0008EECB8 /* Resources */,
			);
			buildRules = (
			);
			dependencies = (
			);
			name = Stormy;
			productName = Stormy;
			productReference = 9B70980F1A1C0EC0008EECB8 /* Stormy.app */;
			productType = "com.apple.product-type.application";
		};
		9B7098231A1C0EC0008EECB8 /* StormyTests */ = {
			isa = PBXNativeTarget;
			buildConfigurationList = 9B7098311A1C0EC0008EECB8 /* Build configuration list for PBXNativeTarget "StormyTests" */;
			buildPhases = (
				9B7098201A1C0EC0008EECB8 /* Sources */,
				9B7098211A1C0EC0008EECB8 /* Frameworks */,
				9B7098221A1C0EC0008EECB8 /* Resources */,
			);
			buildRules = (
			);
			dependencies = (
				9B7098261A1C0EC0008EECB8 /* PBXTargetDependency */,
			);
			name = StormyTests;
			productName = StormyTests;
			productReference = 9B7098241A1C0EC0008EECB8 /* StormyTests.xctest */;
			productType = "com.apple.product-type.bundle.unit-test";
		};
/* End PBXNativeTarget section */

/* Begin PBXProject section */
		9B7098071A1C0EC0008EECB8 /* Project object */ = {
			isa = PBXProject;
			attributes = {
				LastUpgradeCheck = 0610;
				ORGANIZATIONNAME = "Thunder Rock";
				TargetAttributes = {
					9B70980E1A1C0EC0008EECB8 = {
						CreatedOnToolsVersion = 6.1;
					};
					9B7098231A1C0EC0008EECB8 = {
						CreatedOnToolsVersion = 6.1;
						TestTargetID = 9B70980E1A1C0EC0008EECB8;
					};
				};
			};
			buildConfigurationList = 9B70980A1A1C0EC0008EECB8 /* Build configuration list for PBXProject "Stormy" */;
			compatibilityVersion = "Xcode 3.2";
			developmentRegion = English;
			hasScannedForEncodings = 0;
			knownRegions = (
				en,
				Base,
			);
			mainGroup = 9B7098061A1C0EC0008EECB8;
			productRefGroup = 9B7098101A1C0EC0008EECB8 /* Products */;
			projectDirPath = "";
			projectRoot = "";
			targets = (
				9B70980E1A1C0EC0008EECB8 /* Stormy */,
				9B7098231A1C0EC0008EECB8 /* StormyTests */,
			);
		};
/* End PBXProject section */

/* Begin PBXResourcesBuildPhase section */
		9B70980D1A1C0EC0008EECB8 /* Resources */ = {
			isa = PBXResourcesBuildPhase;
			buildActionMask = 2147483647;
			files = (
				9B70981A1A1C0EC0008EECB8 /* Main.storyboard in Resources */,
				9B70981F1A1C0EC0008EECB8 /* LaunchScreen.xib in Resources */,
				9B70981C1A1C0EC0008EECB8 /* Images.xcassets in Resources */,
			);
			runOnlyForDeploymentPostprocessing = 0;
		};
		9B7098221A1C0EC0008EECB8 /* Resources */ = {
			isa = PBXResourcesBuildPhase;
			buildActionMask = 2147483647;
			files = (
			);
			runOnlyForDeploymentPostprocessing = 0;
		};
/* End PBXResourcesBuildPhase section */

/* Begin PBXSourcesBuildPhase section */
		9B70980B1A1C0EC0008EECB8 /* Sources */ = {
			isa = PBXSourcesBuildPhase;
			buildActionMask = 2147483647;
			files = (
				9B7098171A1C0EC0008EECB8 /* ViewController.swift in Sources */,
				9B7098151A1C0EC0008EECB8 /* AppDelegate.swift in Sources */,
			);
			runOnlyForDeploymentPostprocessing = 0;
		};
		9B7098201A1C0EC0008EECB8 /* Sources */ = {
			isa = PBXSourcesBuildPhase;
			buildActionMask = 2147483647;
			files = (
				9B70982B1A1C0EC0008EECB8 /* StormyTests.swift in Sources */,
			);
			runOnlyForDeploymentPostprocessing = 0;
		};
/* End PBXSourcesBuildPhase section */

/* Begin PBXTargetDependency section */
		9B7098261A1C0EC0008EECB8 /* PBXTargetDependency */ = {
			isa = PBXTargetDependency;
			target = 9B70980E1A1C0EC0008EECB8 /* Stormy */;
			targetProxy = 9B7098251A1C0EC0008EECB8 /* PBXContainerItemProxy */;
		};
/* End PBXTargetDependency section */

/* Begin PBXVariantGroup section */
		9B7098181A1C0EC0008EECB8 /* Main.storyboard */ = {
			isa = PBXVariantGroup;
			children = (
				9B7098191A1C0EC0008EECB8 /* Base */,
			);
			name = Main.storyboard;
			sourceTree = "<group>";
		};
		9B70981D1A1C0EC0008EECB8 /* LaunchScreen.xib */ = {
			isa = PBXVariantGroup;
			children = (
				9B70981E1A1C0EC0008EECB8 /* Base */,
			);
			name = LaunchScreen.xib;
			sourceTree = "<group>";
		};
/* End PBXVariantGroup section */

/* Begin XCBuildConfiguration section */
		9B70982C1A1C0EC0008EECB8 /* Debug */ = {
			isa = XCBuildConfiguration;
			buildSettings = {
				ALWAYS_SEARCH_USER_PATHS = NO;
				CLANG_CXX_LANGUAGE_STANDARD = "gnu++0x";
				CLANG_CXX_LIBRARY = "libc++";
				CLANG_ENABLE_MODULES = YES;
				CLANG_ENABLE_OBJC_ARC = YES;
				CLANG_WARN_BOOL_CONVERSION = YES;
				CLANG_WARN_CONSTANT_CONVERSION = YES;
				CLANG_WARN_DIRECT_OBJC_ISA_USAGE = YES_ERROR;
				CLANG_WARN_EMPTY_BODY = YES;
				CLANG_WARN_ENUM_CONVERSION = YES;
				CLANG_WARN_INT_CONVERSION = YES;
				CLANG_WARN_OBJC_ROOT_CLASS = YES_ERROR;
				CLANG_WARN_UNREACHABLE_CODE = YES;
				CLANG_WARN__DUPLICATE_METHOD_MATCH = YES;
				"CODE_SIGN_IDENTITY[sdk=iphoneos*]" = "iPhone Developer";
				COPY_PHASE_STRIP = NO;
				ENABLE_STRICT_OBJC_MSGSEND = YES;
				GCC_C_LANGUAGE_STANDARD = gnu99;
				GCC_DYNAMIC_NO_PIC = NO;
				GCC_OPTIMIZATION_LEVEL = 0;
				GCC_PREPROCESSOR_DEFINITIONS = (
					"DEBUG=1",
					"$(inherited)",
				);
				GCC_SYMBOLS_PRIVATE_EXTERN = NO;
				GCC_WARN_64_TO_32_BIT_CONVERSION = YES;
				GCC_WARN_ABOUT_RETURN_TYPE = YES_ERROR;
				GCC_WARN_UNDECLARED_SELECTOR = YES;
				GCC_WARN_UNINITIALIZED_AUTOS = YES_AGGRESSIVE;
				GCC_WARN_UNUSED_FUNCTION = YES;
				GCC_WARN_UNUSED_VARIABLE = YES;
				IPHONEOS_DEPLOYMENT_TARGET = 8.1;
				MTL_ENABLE_DEBUG_INFO = YES;
				ONLY_ACTIVE_ARCH = YES;
				SDKROOT = iphoneos;
				SWIFT_OPTIMIZATION_LEVEL = "-Onone";
			};
			name = Debug;
		};
		9B70982D1A1C0EC0008EECB8 /* Release */ = {
			isa = XCBuildConfiguration;
			buildSettings = {
				ALWAYS_SEARCH_USER_PATHS = NO;
				CLANG_CXX_LANGUAGE_STANDARD = "gnu++0x";
				CLANG_CXX_LIBRARY = "libc++";
				CLANG_ENABLE_MODULES = YES;
				CLANG_ENABLE_OBJC_ARC = YES;
				CLANG_WARN_BOOL_CONVERSION = YES;
				CLANG_WARN_CONSTANT_CONVERSION = YES;
				CLANG_WARN_DIRECT_OBJC_ISA_USAGE = YES_ERROR;
				CLANG_WARN_EMPTY_BODY = YES;
				CLANG_WARN_ENUM_CONVERSION = YES;
				CLANG_WARN_INT_CONVERSION = YES;
				CLANG_WARN_OBJC_ROOT_CLASS = YES_ERROR;
				CLANG_WARN_UNREACHABLE_CODE = YES;
				CLANG_WARN__DUPLICATE_METHOD_MATCH = YES;
				"CODE_SIGN_IDENTITY[sdk=iphoneos*]" = "iPhone Developer";
				COPY_PHASE_STRIP = YES;
				ENABLE_NS_ASSERTIONS = NO;
				ENABLE_STRICT_OBJC_MSGSEND = YES;
				GCC_C_LANGUAGE_STANDARD = gnu99;
				GCC_WARN_64_TO_32_BIT_CONVERSION = YES;
				GCC_WARN_ABOUT_RETURN_TYPE = YES_ERROR;
				GCC_WARN_UNDECLARED_SELECTOR = YES;
				GCC_WARN_UNINITIALIZED_AUTOS = YES_AGGRESSIVE;
				GCC_WARN_UNUSED_FUNCTION = YES;
				GCC_WARN_UNUSED_VARIABLE = YES;
				IPHONEOS_DEPLOYMENT_TARGET = 8.1;
				MTL_ENABLE_DEBUG_INFO = NO;
				SDKROOT = iphoneos;
				VALIDATE_PRODUCT = YES;
			};
			name = Release;
		};
		9B70982F1A1C0EC0008EECB8 /* Debug */ = {
			isa = XCBuildConfiguration;
			buildSettings = {
				ASSETCATALOG_COMPILER_APPICON_NAME = AppIcon;
				INFOPLIST_FILE = Stormy/Info.plist;
				LD_RUNPATH_SEARCH_PATHS = "$(inherited) @executable_path/Frameworks";
				PRODUCT_NAME = "$(TARGET_NAME)";
			};
			name = Debug;
		};
		9B7098301A1C0EC0008EECB8 /* Release */ = {
			isa = XCBuildConfiguration;
			buildSettings = {
				ASSETCATALOG_COMPILER_APPICON_NAME = AppIcon;
				INFOPLIST_FILE = Stormy/Info.plist;
				LD_RUNPATH_SEARCH_PATHS = "$(inherited) @executable_path/Frameworks";
				PRODUCT_NAME = "$(TARGET_NAME)";
			};
			name = Release;
		};
		9B7098321A1C0EC0008EECB8 /* Debug */ = {
			isa = XCBuildConfiguration;
			buildSettings = {
				BUNDLE_LOADER = "$(TEST_HOST)";
				FRAMEWORK_SEARCH_PATHS = (
					"$(SDKROOT)/Developer/Library/Frameworks",
					"$(inherited)",
				);
				GCC_PREPROCESSOR_DEFINITIONS = (
					"DEBUG=1",
					"$(inherited)",
				);
				INFOPLIST_FILE = StormyTests/Info.plist;
				LD_RUNPATH_SEARCH_PATHS = "$(inherited) @executable_path/Frameworks @loader_path/Frameworks";
				PRODUCT_NAME = "$(TARGET_NAME)";
				TEST_HOST = "$(BUILT_PRODUCTS_DIR)/Stormy.app/Stormy";
			};
			name = Debug;
		};
		9B7098331A1C0EC0008EECB8 /* Release */ = {
			isa = XCBuildConfiguration;
			buildSettings = {
				BUNDLE_LOADER = "$(TEST_HOST)";
				FRAMEWORK_SEARCH_PATHS = (
					"$(SDKROOT)/Developer/Library/Frameworks",
					"$(inherited)",
				);
				INFOPLIST_FILE = StormyTests/Info.plist;
				LD_RUNPATH_SEARCH_PATHS = "$(inherited) @executable_path/Frameworks @loader_path/Frameworks";
				PRODUCT_NAME = "$(TARGET_NAME)";
				TEST_HOST = "$(BUILT_PRODUCTS_DIR)/Stormy.app/Stormy";
			};
			name = Release;
		};
/* End XCBuildConfiguration section */

/* Begin XCConfigurationList section */
		9B70980A1A1C0EC0008EECB8 /* Build configuration list for PBXProject "Stormy" */ = {
			isa = XCConfigurationList;
			buildConfigurations = (
				9B70982C1A1C0EC0008EECB8 /* Debug */,
				9B70982D1A1C0EC0008EECB8 /* Release */,
			);
			defaultConfigurationIsVisible = 0;
			defaultConfigurationName = Release;
		};
		9B70982E1A1C0EC0008EECB8 /* Build configuration list for PBXNativeTarget "Stormy" */ = {
			isa = XCConfigurationList;
			buildConfigurations = (
				9B70982F1A1C0EC0008EECB8 /* Debug */,
				9B7098301A1C0EC0008EECB8 /* Release */,
			);
			defaultConfigurationIsVisible = 0;
		};
		9B7098311A1C0EC0008EECB8 /* Build configuration list for PBXNativeTarget "StormyTests" */ = {
			isa = XCConfigurationList;
			buildConfigurations = (
				9B7098321A1C0EC0008EECB8 /* Debug */,
				9B7098331A1C0EC0008EECB8 /* Release */,
			);
			defaultConfigurationIsVisible = 0;
		};
/* End XCConfigurationList section */
	};
	rootObject = 9B7098071A1C0EC0008EECB8 /* Project object */;
}
